
Microsoft Visual Studio Solution File, Format Version 12.00
# Visual Studio Version 17
VisualStudioVersion = 17.14.36915.13 d17.14
MinimumVisualStudioVersion = 10.0.40219.1
Project("{FAE04EC0-301F-11D3-BF4B-00C04F79EFBC}") = "DoctorAppointmentAPI", "DoctorAppointmentAPI.csproj", "{AB24B3EC-C548-4CE6-8E4E-9A67DE603FE1}"
EndProject
Global
	GlobalSection(SolutionConfigurationPlatforms) = preSolution
		Debug|Any CPU = Debug|Any CPU
		Release|Any CPU = Release|Any CPU
	EndGlobalSection
	GlobalSection(ProjectConfigurationPlatforms) = postSolution
		{AB24B3EC-C548-4CE6-8E4E-9A67DE603FE1}.Debug|Any CPU.ActiveCfg = Debug|Any CPU
		{AB24B3EC-C548-4CE6-8E4E-9A67DE603FE1}.Debug|Any CPU.Build.0 = Debug|Any CPU
		{AB24B3EC-C548-4CE6-8E4E-9A67DE603FE1}.Release|Any CPU.ActiveCfg = Release|Any CPU
		{AB24B3EC-C548-4CE6-8E4E-9A67DE603FE1}.Release|Any CPU.Build.0 = Release|Any CPU
	EndGlobalSection
	GlobalSection(SolutionProperties) = preSolution
		HideSolutionNode = FALSE
	EndGlobalSection
	GlobalSection(ExtensibilityGlobals) = postSolution
		SolutionGuid = {CBAF2E6F-F7EC-4579-9118-8755CF210A11}
	EndGlobalSection
EndGlobal
